# THIS IS AN AUTOGENERATED FILE. DO NOT EDIT THIS FILE DIRECTLY.
# yarn lockfile v1


date-and-time@0.9.0:
  version "0.9.0"
  resolved "https://registry.yarnpkg.com/date-and-time/-/date-and-time-0.9.0.tgz#1524579e56dc07675c640b41735a7665c0659240"
  integrity sha512-4JybB6PbR+EebpFx/KyR5Ybl+TcdXMLIJkyYsCx3P4M4CWGMuDyFF19yh6TyasMAIF5lrsgIxiSHBXh2FFc7Fg==
